// !$*UTF8*$!
{
	archiveVersion = 1;
	classes = {
	};
	objectVersion = 46;
	objects = {

/* Begin PBXBuildFile section */
		30CBDBDA1CAFBB750049881D /* main.m in Sources */ = {isa = PBXBuildFile; fileRef = 30CBDBD91CAFBB750049881D /* main.m */; };
		30CBDBE31CAFBB8F0049881D /* GTMBase64.m in Sources */ = {isa = PBXBuildFile; fileRef = 30CBDBE11CAFBB8F0049881D /* GTMBase64.m */; };
/* End PBXBuildFile section */

/* Begin PBXCopyFilesBuildPhase section */
		30CBDBD41CAFBB750049881D /* CopyFiles */ = {
			isa = PBXCopyFilesBuildPhase;
			buildActionMask = 2147483647;
			dstPath = /usr/share/man/man1/;
			dstSubfolderSpec = 0;
			files = (
			);
			runOnlyForDeploymentPostprocessing = 1;
		};
/* End PBXCopyFilesBuildPhase section */

/* Begin PBXFileReference section */
		30CBDBD61CAFBB750049881D /* encode */ = {isa = PBXFileReference; explicitFileType = "compiled.mach-o.executable"; includeInIndex = 0; path = encode; sourceTree = BUILT_PRODUCTS_DIR; };
		30CBDBD91CAFBB750049881D /* main.m */ = {isa = PBXFileReference; lastKnownFileType = sourcecode.c.objc; path = main.m; sourceTree = "<group>"; };
		30CBDBE01CAFBB8F0049881D /* GTMBase64.h */ = {isa = PBXFileReference; fileEncoding = 4; lastKnownFileType = sourcecode.c.h; path = GTMBase64.h; sourceTree = "<group>"; };
		30CBDBE11CAFBB8F0049881D /* GTMBase64.m */ = {isa = PBXFileReference; fileEncoding = 4; lastKnownFileType = sourcecode.c.objc; path = GTMBase64.m; sourceTree = "<group>"; };
		30CBDBE21CAFBB8F0049881D /* GTMDefines.h */ = {isa = PBXFileReference; fileEncoding = 4; lastKnownFileType = sourcecode.c.h; path = GTMDefines.h; sourceTree = "<group>"; };
/* End PBXFileReference section */

/* Begin PBXFrameworksBuildPhase section */
		30CBDBD31CAFBB750049881D /* Frameworks */ = {
			isa = PBXFrameworksBuildPhase;
			buildActionMask = 2147483647;
			files = (
			);
			runOnlyForDeploymentPostprocessing = 0;
		};
/* End PBXFrameworksBuildPhase section */

/* Begin PBXGroup section */
		30CBDBCD1CAFBB750049881D = {
			isa = PBXGroup;
			children = (
				30CBDBE01CAFBB8F0049881D /* GTMBase64.h */,
				30CBDBE11CAFBB8F0049881D /* GTMBase64.m */,
				30CBDBE21CAFBB8F0049881D /* GTMDefines.h */,
				30CBDBD81CAFBB750049881D /* encode */,
				30CBDBD71CAFBB750049881D /* Products */,
			);
			sourceTree = "<group>";
		};
		30CBDBD71CAFBB750049881D /* Products */ = {
			isa = PBXGroup;
			children = (
				30CBDBD61CAFBB750049881D /* encode */,
			);
			name = Products;
			sourceTree = "<group>";
		};
		30CBDBD81CAFBB750049881D /* encode */ = {
			isa = PBXGroup;
			children = (
				30CBDBD91CAFBB750049881D /* main.m */,
			);
			path = encode;
			sourceTree = "<group>";
		};
/* End PBXGroup section */

/* Begin PBXNativeTarget section */
		30CBDBD51CAFBB750049881D /* encode */ = {
			isa = PBXNativeTarget;
			buildConfigurationList = 30CBDBDD1CAFBB750049881D /* Build configuration list for PBXNativeTarget "encode" */;
			buildPhases = (
				30CBDBD21CAFBB750049881D /* Sources */,
				30CBDBD31CAFBB750049881D /* Frameworks */,
				30CBDBD41CAFBB750049881D /* CopyFiles */,
			);
			buildRules = (
			);
			dependencies = (
			);
			name = encode;
			productName = encode;
			productReference = 30CBDBD61CAFBB750049881D /* encode */;
			productType = "com.apple.product-type.tool";
		};
/* End PBXNativeTarget section */

/* Begin PBXProject section */
		30CBDBCE1CAFBB750049881D /* Project object */ = {
			isa = PBXProject;
			attributes = {
				LastUpgradeCheck = 0640;
				ORGANIZATIONNAME = beyond;
				TargetAttributes = {
					30CBDBD51CAFBB750049881D = {
						CreatedOnToolsVersion = 6.4;
					};
				};
			};
			buildConfigurationList = 30CBDBD11CAFBB750049881D /* Build configuration list for PBXProject "encode" */;
			compatibilityVersion = "Xcode 3.2";
			developmentRegion = English;
			hasScannedForEncodings = 0;
			knownRegions = (
				en,
			);
			mainGroup = 30CBDBCD1CAFBB750049881D;
			productRefGroup = 30CBDBD71CAFBB750049881D /* Products */;
			projectDirPath = "";
			projectRoot = "";
			targets = (
				30CBDBD51CAFBB750049881D /* encode */,
			);
		};
/* End PBXProject section */

/* Begin PBXSourcesBuildPhase section */
		30CBDBD21CAFBB750049881D /* Sources */ = {
			isa = PBXSourcesBuildPhase;
			buildActionMask = 2147483647;
			files = (
				30CBDBDA1CAFBB750049881D /* main.m in Sources */,
				30CBDBE31CAFBB8F0049881D /* GTMBase64.m in Sources */,
			);
			runOnlyForDeploymentPostprocessing = 0;
		};
/* End PBXSourcesBuildPhase section */

/* Begin XCBuildConfiguration section */
		30CBDBDB1CAFBB750049881D /* Debug */ = {
			isa = XCBuildConfiguration;
			buildSettings = {
				ALWAYS_SEARCH_USER_PATHS = NO;
				CLANG_CXX_LANGUAGE_STANDARD = "gnu++0x";
				CLANG_CXX_LIBRARY = "libc++";
				CLANG_ENABLE_MODULES = YES;
				CLANG_ENABLE_OBJC_ARC = YES;
				CLANG_WARN_BOOL_CONVERSION = YES;
				CLANG_WARN_CONSTANT_CONVERSION = YES;
				CLANG_WARN_DIRECT_OBJC_ISA_USAGE = YES_ERROR;
				CLANG_WARN_EMPTY_BODY = YES;
				CLANG_WARN_ENUM_CONVERSION = YES;
				CLANG_WARN_INT_CONVERSION = YES;
				CLANG_WARN_OBJC_ROOT_CLASS = YES_ERROR;
				CLANG_WARN_UNREACHABLE_CODE = YES;
				CLANG_WARN__DUPLICATE_METHOD_MATCH = YES;
				COPY_PHASE_STRIP = NO;
				DEBUG_INFORMATION_FORMAT = dwarf;
				ENABLE_STRICT_OBJC_MSGSEND = YES;
				GCC_C_LANGUAGE_STANDARD = gnu99;
				GCC_DYNAMIC_NO_PIC = NO;
				GCC_NO_COMMON_BLOCKS = YES;
				GCC_OPTIMIZATION_LEVEL = 0;
				GCC_PREPROCESSOR_DEFINITIONS = (
					"DEBUG=1",
					"$(inherited)",
				);
				GCC_SYMBOLS_PRIVATE_EXTERN = NO;
				GCC_WARN_64_TO_32_BIT_CONVERSION = YES;
				GCC_WARN_ABOUT_RETURN_TYPE = YES_ERROR;
				GCC_WARN_UNDECLARED_SELECTOR = YES;
				GCC_WARN_UNINITIALIZED_AUTOS = YES_AGGRESSIVE;
				GCC_WARN_UNUSED_FUNCTION = YES;
				GCC_WARN_UNUSED_VARIABLE = YES;
				MACOSX_DEPLOYMENT_TARGET = 10.10;
				MTL_ENABLE_DEBUG_INFO = YES;
				ONLY_ACTIVE_ARCH = YES;
				SDKROOT = macosx;
			};
			name = Debug;
		};
		30CBDBDC1CAFBB750049881D /* Release */ = {
			isa = XCBuildConfiguration;
			buildSettings = {
				ALWAYS_SEARCH_USER_PATHS = NO;
				CLANG_CXX_LANGUAGE_STANDARD = "gnu++0x";
				CLANG_CXX_LIBRARY = "libc++";
				CLANG_ENABLE_MODULES = YES;
				CLANG_ENABLE_OBJC_ARC = YES;
				CLANG_WARN_BOOL_CONVERSION = YES;
				CLANG_WARN_CONSTANT_CONVERSION = YES;
				CLANG_WARN_DIRECT_OBJC_ISA_USAGE = YES_ERROR;
				CLANG_WARN_EMPTY_BODY = YES;
				CLANG_WARN_ENUM_CONVERSION = YES;
				CLANG_WARN_INT_CONVERSION = YES;
				CLANG_WARN_OBJC_ROOT_CLASS = YES_ERROR;
				CLANG_WARN_UNREACHABLE_CODE = YES;
				CLANG_WARN__DUPLICATE_METHOD_MATCH = YES;
				COPY_PHASE_STRIP = NO;
				DEBUG_INFORMATION_FORMAT = "dwarf-with-dsym";
				ENABLE_NS_ASSERTIONS = NO;
				ENABLE_STRICT_OBJC_MSGSEND = YES;
				GCC_C_LANGUAGE_STANDARD = gnu99;
				GCC_NO_COMMON_BLOCKS = YES;
				GCC_WARN_64_TO_32_BIT_CONVERSION = YES;
				GCC_WARN_ABOUT_RETURN_TYPE = YES_ERROR;
				GCC_WARN_UNDECLARED_SELECTOR = YES;
				GCC_WARN_UNINITIALIZED_AUTOS = YES_AGGRESSIVE;
				GCC_WARN_UNUSED_FUNCTION = YES;
				GCC_WARN_UNUSED_VARIABLE = YES;
				MACOSX_DEPLOYMENT_TARGET = 10.10;
				MTL_ENABLE_DEBUG_INFO = NO;
				SDKROOT = macosx;
			};
			name = Release;
		};
		30CBDBDE1CAFBB750049881D /* Debug */ = {
			isa = XCBuildConfiguration;
			buildSettings = {
				PRODUCT_NAME = "$(TARGET_NAME)";
			};
			name = Debug;
		};
		30CBDBDF1CAFBB750049881D /* Release */ = {
			isa = XCBuildConfiguration;
			buildSettings = {
				PRODUCT_NAME = "$(TARGET_NAME)";
			};
			name = Release;
		};
/* End XCBuildConfiguration section */

/* Begin XCConfigurationList section */
		30CBDBD11CAFBB750049881D /* Build configuration list for PBXProject "encode" */ = {
			isa = XCConfigurationList;
			buildConfigurations = (
				30CBDBDB1CAFBB750049881D /* Debug */,
				30CBDBDC1CAFBB750049881D /* Release */,
			);
			defaultConfigurationIsVisible = 0;
			defaultConfigurationName = Release;
		};
		30CBDBDD1CAFBB750049881D /* Build configuration list for PBXNativeTarget "encode" */ = {
			isa = XCConfigurationList;
			buildConfigurations = (
				30CBDBDE1CAFBB750049881D /* Debug */,
				30CBDBDF1CAFBB750049881D /* Release */,
			);
			defaultConfigurationIsVisible = 0;
		};
/* End XCConfigurationList section */
	};
	rootObject = 30CBDBCE1CAFBB750049881D /* Project object */;
}
